
Microsoft Visual Studio Solution File, Format Version 12.00
# Visual Studio Version 17
VisualStudioVersion = 17.0.31903.59
MinimumVisualStudioVersion = 10.0.40219.1
Project("{2150E333-8FDC-42A3-9474-1A3956D46DE8}") = "src", "src", "{6FF2B839-0F9C-400A-BB95-0FD7BE184571}"
EndProject
Project("{2150E333-8FDC-42A3-9474-1A3956D46DE8}") = "tsts", "tsts", "{6E92FF05-893C-4CB4-8E73-7BF7C61FF863}"
EndProject
Project("{2150E333-8FDC-42A3-9474-1A3956D46DE8}") = "devops", "devops", "{F9E1968D-219B-4B74-9953-F0129D79507E}"
	ProjectSection(SolutionItems) = preProject
		docker-compose.yaml = docker-compose.yaml
	EndProjectSection
EndProject
Project("{2150E333-8FDC-42A3-9474-1A3956D46DE8}") = "documentation", "documentation", "{6726521E-527F-468C-9DE7-55EB5B5E9EB5}"
	ProjectSection(SolutionItems) = preProject
		readme.md = readme.md
	EndProjectSection
EndProject
Project("{2150E333-8FDC-42A3-9474-1A3956D46DE8}") = "libs", "libs", "{466A62C0-60DF-48DE-9895-CE1A599B5D71}"
EndProject
Project("{FAE04EC0-301F-11D3-BF4B-00C04F79EFBC}") = "OVB.Demos.Transports.WebApi", "src\OVB.Demos.Transports.WebApi\OVB.Demos.Transports.WebApi.csproj", "{6ADA153A-3339-4041-86D4-0374AB2F941C}"
EndProject
Project("{FAE04EC0-301F-11D3-BF4B-00C04F79EFBC}") = "OVB.Demos.Transports.Infrascructure", "src\OVB.Demos.Transports.Infrascructure\OVB.Demos.Transports.Infrascructure.csproj", "{A125EDDC-E60F-4540-904C-E21CD2EC5477}"
EndProject
Project("{FAE04EC0-301F-11D3-BF4B-00C04F79EFBC}") = "OVB.Demos.Transports.Application", "src\OVB.Demos.Transports.Application\OVB.Demos.Transports.Application.csproj", "{D7D2A3FD-AAC9-41F3-9430-58FC1C1D4429}"
EndProject
Project("{FAE04EC0-301F-11D3-BF4B-00C04F79EFBC}") = "OVB.Demos.Transports.Domain", "src\OVB.Demos.Transports.Domain\OVB.Demos.Transports.Domain.csproj", "{215D9151-C42C-44F9-B743-4E4488064A64}"
EndProject
Global
	GlobalSection(SolutionConfigurationPlatforms) = preSolution
		Debug|Any CPU = Debug|Any CPU
		Release|Any CPU = Release|Any CPU
	EndGlobalSection
	GlobalSection(ProjectConfigurationPlatforms) = postSolution
		{6ADA153A-3339-4041-86D4-0374AB2F941C}.Debug|Any CPU.ActiveCfg = Debug|Any CPU
		{6ADA153A-3339-4041-86D4-0374AB2F941C}.Debug|Any CPU.Build.0 = Debug|Any CPU
		{6ADA153A-3339-4041-86D4-0374AB2F941C}.Release|Any CPU.ActiveCfg = Release|Any CPU
		{6ADA153A-3339-4041-86D4-0374AB2F941C}.Release|Any CPU.Build.0 = Release|Any CPU
		{A125EDDC-E60F-4540-904C-E21CD2EC5477}.Debug|Any CPU.ActiveCfg = Debug|Any CPU
		{A125EDDC-E60F-4540-904C-E21CD2EC5477}.Debug|Any CPU.Build.0 = Debug|Any CPU
		{A125EDDC-E60F-4540-904C-E21CD2EC5477}.Release|Any CPU.ActiveCfg = Release|Any CPU
		{A125EDDC-E60F-4540-904C-E21CD2EC5477}.Release|Any CPU.Build.0 = Release|Any CPU
		{D7D2A3FD-AAC9-41F3-9430-58FC1C1D4429}.Debug|Any CPU.ActiveCfg = Debug|Any CPU
		{D7D2A3FD-AAC9-41F3-9430-58FC1C1D4429}.Debug|Any CPU.Build.0 = Debug|Any CPU
		{D7D2A3FD-AAC9-41F3-9430-58FC1C1D4429}.Release|Any CPU.ActiveCfg = Release|Any CPU
		{D7D2A3FD-AAC9-41F3-9430-58FC1C1D4429}.Release|Any CPU.Build.0 = Release|Any CPU
		{215D9151-C42C-44F9-B743-4E4488064A64}.Debug|Any CPU.ActiveCfg = Debug|Any CPU
		{215D9151-C42C-44F9-B743-4E4488064A64}.Debug|Any CPU.Build.0 = Debug|Any CPU
		{215D9151-C42C-44F9-B743-4E4488064A64}.Release|Any CPU.ActiveCfg = Release|Any CPU
		{215D9151-C42C-44F9-B743-4E4488064A64}.Release|Any CPU.Build.0 = Release|Any CPU
	EndGlobalSection
	GlobalSection(SolutionProperties) = preSolution
		HideSolutionNode = FALSE
	EndGlobalSection
	GlobalSection(NestedProjects) = preSolution
		{6ADA153A-3339-4041-86D4-0374AB2F941C} = {6FF2B839-0F9C-400A-BB95-0FD7BE184571}
		{A125EDDC-E60F-4540-904C-E21CD2EC5477} = {6FF2B839-0F9C-400A-BB95-0FD7BE184571}
		{D7D2A3FD-AAC9-41F3-9430-58FC1C1D4429} = {6FF2B839-0F9C-400A-BB95-0FD7BE184571}
		{215D9151-C42C-44F9-B743-4E4488064A64} = {6FF2B839-0F9C-400A-BB95-0FD7BE184571}
	EndGlobalSection
	GlobalSection(ExtensibilityGlobals) = postSolution
		SolutionGuid = {705729DF-3C54-456A-AFEE-77A76E5F9727}
	EndGlobalSection
EndGlobal
